
Microsoft Visual Studio Solution File, Format Version 12.00
# Visual Studio 15
VisualStudioVersion = 15.0.27004.2005
MinimumVisualStudioVersion = 10.0.40219.1
Project("{8BC9CEB8-8B4A-11D0-8D11-00A0C91BC942}") = "Test2", "Test2\Test2.vcxproj", "{A25763AD-B668-45F0-8999-265CC3B59C35}"
EndProject
Project("{8BC9CEB8-8B4A-11D0-8D11-00A0C91BC942}") = "FirstProgram", "..\TestProject\FirstProgram\FirstProgram.vcxproj", "{47625C00-6B24-4007-A264-363BA1C0475E}"
EndProject
Project("{8BC9CEB8-8B4A-11D0-8D11-00A0C91BC942}") = "HOOK", "..\TestProject\HOOK\HOOK.vcxproj", "{52E79F26-3172-43B2-974F-8C4A6CED8578}"
EndProject
Global
	GlobalSection(SolutionConfigurationPlatforms) = preSolution
		Debug|x64 = Debug|x64
		Debug|x86 = Debug|x86
		Release|x64 = Release|x64
		Release|x86 = Release|x86
	EndGlobalSection
	GlobalSection(ProjectConfigurationPlatforms) = postSolution
		{A25763AD-B668-45F0-8999-265CC3B59C35}.Debug|x64.ActiveCfg = Debug|x64
		{A25763AD-B668-45F0-8999-265CC3B59C35}.Debug|x64.Build.0 = Debug|x64
		{A25763AD-B668-45F0-8999-265CC3B59C35}.Debug|x86.ActiveCfg = Debug|Win32
		{A25763AD-B668-45F0-8999-265CC3B59C35}.Debug|x86.Build.0 = Debug|Win32
		{A25763AD-B668-45F0-8999-265CC3B59C35}.Release|x64.ActiveCfg = Release|x64
		{A25763AD-B668-45F0-8999-265CC3B59C35}.Release|x64.Build.0 = Release|x64
		{A25763AD-B668-45F0-8999-265CC3B59C35}.Release|x86.ActiveCfg = Release|Win32
		{A25763AD-B668-45F0-8999-265CC3B59C35}.Release|x86.Build.0 = Release|Win32
		{47625C00-6B24-4007-A264-363BA1C0475E}.Debug|x64.ActiveCfg = Debug|x64
		{47625C00-6B24-4007-A264-363BA1C0475E}.Debug|x64.Build.0 = Debug|x64
		{47625C00-6B24-4007-A264-363BA1C0475E}.Debug|x86.ActiveCfg = Debug|Win32
		{47625C00-6B24-4007-A264-363BA1C0475E}.Debug|x86.Build.0 = Debug|Win32
		{47625C00-6B24-4007-A264-363BA1C0475E}.Release|x64.ActiveCfg = Release|x64
		{47625C00-6B24-4007-A264-363BA1C0475E}.Release|x64.Build.0 = Release|x64
		{47625C00-6B24-4007-A264-363BA1C0475E}.Release|x86.ActiveCfg = Release|Win32
		{47625C00-6B24-4007-A264-363BA1C0475E}.Release|x86.Build.0 = Release|Win32
		{52E79F26-3172-43B2-974F-8C4A6CED8578}.Debug|x64.ActiveCfg = Debug|x64
		{52E79F26-3172-43B2-974F-8C4A6CED8578}.Debug|x64.Build.0 = Debug|x64
		{52E79F26-3172-43B2-974F-8C4A6CED8578}.Debug|x86.ActiveCfg = Debug|Win32
		{52E79F26-3172-43B2-974F-8C4A6CED8578}.Debug|x86.Build.0 = Debug|Win32
		{52E79F26-3172-43B2-974F-8C4A6CED8578}.Release|x64.ActiveCfg = Release|x64
		{52E79F26-3172-43B2-974F-8C4A6CED8578}.Release|x64.Build.0 = Release|x64
		{52E79F26-3172-43B2-974F-8C4A6CED8578}.Release|x86.ActiveCfg = Release|Win32
		{52E79F26-3172-43B2-974F-8C4A6CED8578}.Release|x86.Build.0 = Release|Win32
	EndGlobalSection
	GlobalSection(SolutionProperties) = preSolution
		HideSolutionNode = FALSE
	EndGlobalSection
	GlobalSection(ExtensibilityGlobals) = postSolution
		SolutionGuid = {5E14CFEF-29AA-4815-98A9-DA9EE43D8D9E}
	EndGlobalSection
EndGlobal
